
Microsoft Visual Studio Solution File, Format Version 12.00
# Visual Studio 14
VisualStudioVersion = 14.0.24720.0
MinimumVisualStudioVersion = 10.0.40219.1
Project("{FAE04EC0-301F-11D3-BF4B-00C04F79EFBC}") = "CustomVideoEffect", "CustomVideoEffect\CustomVideoEffect.csproj", "{128E1EA5-60DE-4A2B-B37E-E50A65681177}"
EndProject
Project("{FAE04EC0-301F-11D3-BF4B-00C04F79EFBC}") = "CustomVideoEffect.VideoEffects", "CustomVideoEffect.VideoEffects\CustomVideoEffect.VideoEffects.csproj", "{708BB4D6-0EC0-41AF-85C8-2D51F08F5A02}"
EndProject
Global
	GlobalSection(SolutionConfigurationPlatforms) = preSolution
		Debug|Any CPU = Debug|Any CPU
		Debug|ARM = Debug|ARM
		Debug|x64 = Debug|x64
		Debug|x86 = Debug|x86
		Release|Any CPU = Release|Any CPU
		Release|ARM = Release|ARM
		Release|x64 = Release|x64
		Release|x86 = Release|x86
	EndGlobalSection
	GlobalSection(ProjectConfigurationPlatforms) = postSolution
		{128E1EA5-60DE-4A2B-B37E-E50A65681177}.Debug|Any CPU.ActiveCfg = Debug|x86
		{128E1EA5-60DE-4A2B-B37E-E50A65681177}.Debug|ARM.ActiveCfg = Debug|ARM
		{128E1EA5-60DE-4A2B-B37E-E50A65681177}.Debug|ARM.Build.0 = Debug|ARM
		{128E1EA5-60DE-4A2B-B37E-E50A65681177}.Debug|ARM.Deploy.0 = Debug|ARM
		{128E1EA5-60DE-4A2B-B37E-E50A65681177}.Debug|x64.ActiveCfg = Debug|x64
		{128E1EA5-60DE-4A2B-B37E-E50A65681177}.Debug|x64.Build.0 = Debug|x64
		{128E1EA5-60DE-4A2B-B37E-E50A65681177}.Debug|x64.Deploy.0 = Debug|x64
		{128E1EA5-60DE-4A2B-B37E-E50A65681177}.Debug|x86.ActiveCfg = Debug|x86
		{128E1EA5-60DE-4A2B-B37E-E50A65681177}.Debug|x86.Build.0 = Debug|x86
		{128E1EA5-60DE-4A2B-B37E-E50A65681177}.Debug|x86.Deploy.0 = Debug|x86
		{128E1EA5-60DE-4A2B-B37E-E50A65681177}.Release|Any CPU.ActiveCfg = Release|x86
		{128E1EA5-60DE-4A2B-B37E-E50A65681177}.Release|ARM.ActiveCfg = Release|ARM
		{128E1EA5-60DE-4A2B-B37E-E50A65681177}.Release|ARM.Build.0 = Release|ARM
		{128E1EA5-60DE-4A2B-B37E-E50A65681177}.Release|ARM.Deploy.0 = Release|ARM
		{128E1EA5-60DE-4A2B-B37E-E50A65681177}.Release|x64.ActiveCfg = Release|x64
		{128E1EA5-60DE-4A2B-B37E-E50A65681177}.Release|x64.Build.0 = Release|x64
		{128E1EA5-60DE-4A2B-B37E-E50A65681177}.Release|x64.Deploy.0 = Release|x64
		{128E1EA5-60DE-4A2B-B37E-E50A65681177}.Release|x86.ActiveCfg = Release|x86
		{128E1EA5-60DE-4A2B-B37E-E50A65681177}.Release|x86.Build.0 = Release|x86
		{128E1EA5-60DE-4A2B-B37E-E50A65681177}.Release|x86.Deploy.0 = Release|x86
		{708BB4D6-0EC0-41AF-85C8-2D51F08F5A02}.Debug|Any CPU.ActiveCfg = Debug|Any CPU
		{708BB4D6-0EC0-41AF-85C8-2D51F08F5A02}.Debug|Any CPU.Build.0 = Debug|Any CPU
		{708BB4D6-0EC0-41AF-85C8-2D51F08F5A02}.Debug|ARM.ActiveCfg = Debug|ARM
		{708BB4D6-0EC0-41AF-85C8-2D51F08F5A02}.Debug|ARM.Build.0 = Debug|ARM
		{708BB4D6-0EC0-41AF-85C8-2D51F08F5A02}.Debug|x64.ActiveCfg = Debug|x64
		{708BB4D6-0EC0-41AF-85C8-2D51F08F5A02}.Debug|x64.Build.0 = Debug|x64
		{708BB4D6-0EC0-41AF-85C8-2D51F08F5A02}.Debug|x86.ActiveCfg = Debug|x86
		{708BB4D6-0EC0-41AF-85C8-2D51F08F5A02}.Debug|x86.Build.0 = Debug|x86
		{708BB4D6-0EC0-41AF-85C8-2D51F08F5A02}.Release|Any CPU.ActiveCfg = Release|Any CPU
		{708BB4D6-0EC0-41AF-85C8-2D51F08F5A02}.Release|Any CPU.Build.0 = Release|Any CPU
		{708BB4D6-0EC0-41AF-85C8-2D51F08F5A02}.Release|ARM.ActiveCfg = Release|ARM
		{708BB4D6-0EC0-41AF-85C8-2D51F08F5A02}.Release|ARM.Build.0 = Release|ARM
		{708BB4D6-0EC0-41AF-85C8-2D51F08F5A02}.Release|x64.ActiveCfg = Release|x64
		{708BB4D6-0EC0-41AF-85C8-2D51F08F5A02}.Release|x64.Build.0 = Release|x64
		{708BB4D6-0EC0-41AF-85C8-2D51F08F5A02}.Release|x86.ActiveCfg = Release|x86
		{708BB4D6-0EC0-41AF-85C8-2D51F08F5A02}.Release|x86.Build.0 = Release|x86
	EndGlobalSection
	GlobalSection(SolutionProperties) = preSolution
		HideSolutionNode = FALSE
	EndGlobalSection
EndGlobal
